
Microsoft Visual Studio Solution File, Format Version 12.00
# Visual Studio Version 17
VisualStudioVersion = 17.7.34024.191
MinimumVisualStudioVersion = 10.0.40219.1
Project("{9A19103F-16F7-4668-BE54-9A1E7A4F7556}") = "Prova", "WebApplication2\Prova.csproj", "{EA9328C9-292A-480C-BB84-B4EA390B562D}"
EndProject
Global
	GlobalSection(SolutionConfigurationPlatforms) = preSolution
		Debug|Any CPU = Debug|Any CPU
		Release|Any CPU = Release|Any CPU
	EndGlobalSection
	GlobalSection(ProjectConfigurationPlatforms) = postSolution
		{EA9328C9-292A-480C-BB84-B4EA390B562D}.Debug|Any CPU.ActiveCfg = Debug|Any CPU
		{EA9328C9-292A-480C-BB84-B4EA390B562D}.Debug|Any CPU.Build.0 = Debug|Any CPU
		{EA9328C9-292A-480C-BB84-B4EA390B562D}.Release|Any CPU.ActiveCfg = Release|Any CPU
		{EA9328C9-292A-480C-BB84-B4EA390B562D}.Release|Any CPU.Build.0 = Release|Any CPU
	EndGlobalSection
	GlobalSection(SolutionProperties) = preSolution
		HideSolutionNode = FALSE
	EndGlobalSection
	GlobalSection(ExtensibilityGlobals) = postSolution
		SolutionGuid = {53416780-E81A-434B-BA84-6F5C84C542F5}
	EndGlobalSection
EndGlobal
